
Microsoft Visual Studio Solution File, Format Version 12.00
# Visual Studio 15
VisualStudioVersion = 15.0.26430.13
MinimumVisualStudioVersion = 10.0.40219.1
Project("{9A19103F-16F7-4668-BE54-9A1E7A4F7556}") = "Internship.Models", "Internship.Models\Internship.Models.csproj", "{2EC50C95-33E3-448E-9042-18534DD1C84E}"
EndProject
Project("{9A19103F-16F7-4668-BE54-9A1E7A4F7556}") = "Internship.Public", "Internship.Public\Internship.Public.csproj", "{E828C4EC-465B-47A7-B984-CE401C16A3E5}"
EndProject
Project("{9A19103F-16F7-4668-BE54-9A1E7A4F7556}") = "Internship.Services", "Internship.Services\Internship.Services.csproj", "{A54A410D-494B-4BF6-93B7-4548F82C302F}"
EndProject
Project("{2150E333-8FDC-42A3-9474-1A3956D46DE8}") = "Solution Items", "Solution Items", "{43CF9AF1-4AE4-44CE-B752-F972245471AE}"
	ProjectSection(SolutionItems) = preProject
		Readme.txt = Readme.txt
	EndProjectSection
EndProject
Global
	GlobalSection(SolutionConfigurationPlatforms) = preSolution
		Debug|Any CPU = Debug|Any CPU
		Release|Any CPU = Release|Any CPU
	EndGlobalSection
	GlobalSection(ProjectConfigurationPlatforms) = postSolution
		{2EC50C95-33E3-448E-9042-18534DD1C84E}.Debug|Any CPU.ActiveCfg = Debug|Any CPU
		{2EC50C95-33E3-448E-9042-18534DD1C84E}.Debug|Any CPU.Build.0 = Debug|Any CPU
		{2EC50C95-33E3-448E-9042-18534DD1C84E}.Release|Any CPU.ActiveCfg = Release|Any CPU
		{2EC50C95-33E3-448E-9042-18534DD1C84E}.Release|Any CPU.Build.0 = Release|Any CPU
		{CE062A85-D1D5-40BD-9D42-91B883FC93E5}.Debug|Any CPU.ActiveCfg = Debug|Any CPU
		{CE062A85-D1D5-40BD-9D42-91B883FC93E5}.Debug|Any CPU.Build.0 = Debug|Any CPU
		{CE062A85-D1D5-40BD-9D42-91B883FC93E5}.Release|Any CPU.ActiveCfg = Release|Any CPU
		{CE062A85-D1D5-40BD-9D42-91B883FC93E5}.Release|Any CPU.Build.0 = Release|Any CPU
		{E828C4EC-465B-47A7-B984-CE401C16A3E5}.Debug|Any CPU.ActiveCfg = Debug|Any CPU
		{E828C4EC-465B-47A7-B984-CE401C16A3E5}.Debug|Any CPU.Build.0 = Debug|Any CPU
		{E828C4EC-465B-47A7-B984-CE401C16A3E5}.Release|Any CPU.ActiveCfg = Release|Any CPU
		{E828C4EC-465B-47A7-B984-CE401C16A3E5}.Release|Any CPU.Build.0 = Release|Any CPU
		{A54A410D-494B-4BF6-93B7-4548F82C302F}.Debug|Any CPU.ActiveCfg = Debug|Any CPU
		{A54A410D-494B-4BF6-93B7-4548F82C302F}.Debug|Any CPU.Build.0 = Debug|Any CPU
		{A54A410D-494B-4BF6-93B7-4548F82C302F}.Release|Any CPU.ActiveCfg = Release|Any CPU
		{A54A410D-494B-4BF6-93B7-4548F82C302F}.Release|Any CPU.Build.0 = Release|Any CPU
	EndGlobalSection
	GlobalSection(SolutionProperties) = preSolution
		HideSolutionNode = FALSE
	EndGlobalSection
EndGlobal
